// !$*UTF8*$!
{
	archiveVersion = 1;
	classes = {
	};
	objectVersion = 50;
	objects = {

/* Begin PBXBuildFile section */
		DA158A93211B7D8B00427382 /* AppDelegate.swift in Sources */ = {isa = PBXBuildFile; fileRef = DA158A92211B7D8B00427382 /* AppDelegate.swift */; };
		DA158A98211B7D8B00427382 /* Main.storyboard in Resources */ = {isa = PBXBuildFile; fileRef = DA158A96211B7D8B00427382 /* Main.storyboard */; };
		DA158A9B211B7D8B00427382 /* Taskbox.xcdatamodeld in Sources */ = {isa = PBXBuildFile; fileRef = DA158A99211B7D8B00427382 /* Taskbox.xcdatamodeld */; };
		DA158A9D211B7D8C00427382 /* Assets.xcassets in Resources */ = {isa = PBXBuildFile; fileRef = DA158A9C211B7D8C00427382 /* Assets.xcassets */; };
		DA158AA0211B7D8C00427382 /* LaunchScreen.storyboard in Resources */ = {isa = PBXBuildFile; fileRef = DA158A9E211B7D8C00427382 /* LaunchScreen.storyboard */; };
		DA158AAB211B7D8C00427382 /* TaskboxTests.swift in Sources */ = {isa = PBXBuildFile; fileRef = DA158AAA211B7D8C00427382 /* TaskboxTests.swift */; };
		DA158AB7211B7FE000427382 /* TabBarController.swift in Sources */ = {isa = PBXBuildFile; fileRef = DA158AB6211B7FE000427382 /* TabBarController.swift */; };
		DA158ABA211B7FF400427382 /* SettingsViewController.swift in Sources */ = {isa = PBXBuildFile; fileRef = DA158AB9211B7FF400427382 /* SettingsViewController.swift */; };
		DA158ABC211B7FF900427382 /* SetTasksViewController.swift in Sources */ = {isa = PBXBuildFile; fileRef = DA158ABB211B7FF900427382 /* SetTasksViewController.swift */; };
		DA158ABE211B7FFE00427382 /* CalendarViewController.swift in Sources */ = {isa = PBXBuildFile; fileRef = DA158ABD211B7FFE00427382 /* CalendarViewController.swift */; };
		DA158AC6211B800C00427382 /* DayScrollView.swift in Sources */ = {isa = PBXBuildFile; fileRef = DA158AC1211B800C00427382 /* DayScrollView.swift */; };
		DA158AC7211B800C00427382 /* WeekView.swift in Sources */ = {isa = PBXBuildFile; fileRef = DA158AC2211B800C00427382 /* WeekView.swift */; };
		DA158AC9211B800C00427382 /* SectionSeparatorView.swift in Sources */ = {isa = PBXBuildFile; fileRef = DA158AC4211B800C00427382 /* SectionSeparatorView.swift */; };
		DA158ACC211B801D00427382 /* DateFormatters.swift in Sources */ = {isa = PBXBuildFile; fileRef = DA158ACA211B801C00427382 /* DateFormatters.swift */; };
		DA158ACD211B801D00427382 /* Reusable.swift in Sources */ = {isa = PBXBuildFile; fileRef = DA158ACB211B801C00427382 /* Reusable.swift */; };
		DA158AD1211B802300427382 /* CalendarTableViewCell.swift in Sources */ = {isa = PBXBuildFile; fileRef = DA158ACE211B802300427382 /* CalendarTableViewCell.swift */; };
		DA158AD2211B802300427382 /* SmallTasksBubbleView.swift in Sources */ = {isa = PBXBuildFile; fileRef = DA158ACF211B802300427382 /* SmallTasksBubbleView.swift */; };
		DA158AD3211B802300427382 /* YourDayTableViewCell.swift in Sources */ = {isa = PBXBuildFile; fileRef = DA158AD0211B802300427382 /* YourDayTableViewCell.swift */; };
		DA158AD6211B802B00427382 /* TaskTableViewCell.swift in Sources */ = {isa = PBXBuildFile; fileRef = DA158AD4211B802A00427382 /* TaskTableViewCell.swift */; };
		DA158AD7211B802B00427382 /* AddTaskButton.swift in Sources */ = {isa = PBXBuildFile; fileRef = DA158AD5211B802A00427382 /* AddTaskButton.swift */; };
		DA158AE9211B804900427382 /* Constants.swift in Sources */ = {isa = PBXBuildFile; fileRef = DA158AD9211B804700427382 /* Constants.swift */; };
		DA158AEA211B804900427382 /* Date+Manipulations.swift in Sources */ = {isa = PBXBuildFile; fileRef = DA158ADA211B804700427382 /* Date+Manipulations.swift */; };
		DA158AEB211B804900427382 /* DateTools.bundle in Resources */ = {isa = PBXBuildFile; fileRef = DA158ADB211B804700427382 /* DateTools.bundle */; };
		DA158AEC211B804900427382 /* TimeChunk.swift in Sources */ = {isa = PBXBuildFile; fileRef = DA158ADC211B804800427382 /* TimeChunk.swift */; };
		DA158AED211B804900427382 /* TimePeriodChain.swift in Sources */ = {isa = PBXBuildFile; fileRef = DA158ADD211B804800427382 /* TimePeriodChain.swift */; };
		DA158AEE211B804900427382 /* TimePeriod.swift in Sources */ = {isa = PBXBuildFile; fileRef = DA158ADE211B804800427382 /* TimePeriod.swift */; };
		DA158AEF211B804900427382 /* Date+Inits.swift in Sources */ = {isa = PBXBuildFile; fileRef = DA158ADF211B804800427382 /* Date+Inits.swift */; };
		DA158AF0211B804900427382 /* Date+Format.swift in Sources */ = {isa = PBXBuildFile; fileRef = DA158AE0211B804800427382 /* Date+Format.swift */; };
		DA158AF1211B804900427382 /* TimePeriodCollection.swift in Sources */ = {isa = PBXBuildFile; fileRef = DA158AE1211B804800427382 /* TimePeriodCollection.swift */; };
		DA158AF2211B804900427382 /* Date+Bundle.swift in Sources */ = {isa = PBXBuildFile; fileRef = DA158AE2211B804800427382 /* Date+Bundle.swift */; };
		DA158AF3211B804900427382 /* Date+TimeAgo.swift in Sources */ = {isa = PBXBuildFile; fileRef = DA158AE3211B804800427382 /* Date+TimeAgo.swift */; };
		DA158AF4211B804900427382 /* Enums.swift in Sources */ = {isa = PBXBuildFile; fileRef = DA158AE4211B804800427382 /* Enums.swift */; };
		DA158AF5211B804900427382 /* Integer+DateTools.swift in Sources */ = {isa = PBXBuildFile; fileRef = DA158AE5211B804800427382 /* Integer+DateTools.swift */; };
		DA158AF6211B804900427382 /* TimePeriodGroup.swift in Sources */ = {isa = PBXBuildFile; fileRef = DA158AE6211B804800427382 /* TimePeriodGroup.swift */; };
		DA158AF7211B804900427382 /* Date+Comparators.swift in Sources */ = {isa = PBXBuildFile; fileRef = DA158AE7211B804800427382 /* Date+Comparators.swift */; };
		DA158AF8211B804900427382 /* Date+Components.swift in Sources */ = {isa = PBXBuildFile; fileRef = DA158AE8211B804800427382 /* Date+Components.swift */; };
		DA158AFC211B80E600427382 /* PersistentStoreCreatable.swift in Sources */ = {isa = PBXBuildFile; fileRef = DA158AF9211B80E600427382 /* PersistentStoreCreatable.swift */; };
		DA158AFD211B80E600427382 /* Task.swift in Sources */ = {isa = PBXBuildFile; fileRef = DA158AFA211B80E600427382 /* Task.swift */; };
		DA158AFE211B80E600427382 /* PersistentStore.swift in Sources */ = {isa = PBXBuildFile; fileRef = DA158AFB211B80E600427382 /* PersistentStore.swift */; };
/* End PBXBuildFile section */

/* Begin PBXContainerItemProxy section */
		DA158AA7211B7D8C00427382 /* PBXContainerItemProxy */ = {
			isa = PBXContainerItemProxy;
			containerPortal = DA158A87211B7D8B00427382 /* Project object */;
			proxyType = 1;
			remoteGlobalIDString = DA158A8E211B7D8B00427382;
			remoteInfo = Taskbox;
		};
/* End PBXContainerItemProxy section */

/* Begin PBXFileReference section */
		DA158A8F211B7D8B00427382 /* Taskbox.app */ = {isa = PBXFileReference; explicitFileType = wrapper.application; includeInIndex = 0; path = Taskbox.app; sourceTree = BUILT_PRODUCTS_DIR; };
		DA158A92211B7D8B00427382 /* AppDelegate.swift */ = {isa = PBXFileReference; lastKnownFileType = sourcecode.swift; path = AppDelegate.swift; sourceTree = "<group>"; };
		DA158A97211B7D8B00427382 /* Base */ = {isa = PBXFileReference; lastKnownFileType = file.storyboard; name = Base; path = Base.lproj/Main.storyboard; sourceTree = "<group>"; };
		DA158A9A211B7D8B00427382 /* Taskbox.xcdatamodel */ = {isa = PBXFileReference; lastKnownFileType = wrapper.xcdatamodel; path = Taskbox.xcdatamodel; sourceTree = "<group>"; };
		DA158A9C211B7D8C00427382 /* Assets.xcassets */ = {isa = PBXFileReference; lastKnownFileType = folder.assetcatalog; path = Assets.xcassets; sourceTree = "<group>"; };
		DA158A9F211B7D8C00427382 /* Base */ = {isa = PBXFileReference; lastKnownFileType = file.storyboard; name = Base; path = Base.lproj/LaunchScreen.storyboard; sourceTree = "<group>"; };
		DA158AA1211B7D8C00427382 /* Info.plist */ = {isa = PBXFileReference; lastKnownFileType = text.plist.xml; path = Info.plist; sourceTree = "<group>"; };
		DA158AA6211B7D8C00427382 /* TaskboxTests.xctest */ = {isa = PBXFileReference; explicitFileType = wrapper.cfbundle; includeInIndex = 0; path = TaskboxTests.xctest; sourceTree = BUILT_PRODUCTS_DIR; };
		DA158AAA211B7D8C00427382 /* TaskboxTests.swift */ = {isa = PBXFileReference; lastKnownFileType = sourcecode.swift; path = TaskboxTests.swift; sourceTree = "<group>"; };
		DA158AAC211B7D8C00427382 /* Info.plist */ = {isa = PBXFileReference; lastKnownFileType = text.plist.xml; path = Info.plist; sourceTree = "<group>"; };
		DA158AB6211B7FE000427382 /* TabBarController.swift */ = {isa = PBXFileReference; fileEncoding = 4; lastKnownFileType = sourcecode.swift; path = TabBarController.swift; sourceTree = "<group>"; };
		DA158AB9211B7FF400427382 /* SettingsViewController.swift */ = {isa = PBXFileReference; fileEncoding = 4; lastKnownFileType = sourcecode.swift; path = SettingsViewController.swift; sourceTree = "<group>"; };
		DA158ABB211B7FF900427382 /* SetTasksViewController.swift */ = {isa = PBXFileReference; fileEncoding = 4; lastKnownFileType = sourcecode.swift; path = SetTasksViewController.swift; sourceTree = "<group>"; };
		DA158ABD211B7FFE00427382 /* CalendarViewController.swift */ = {isa = PBXFileReference; fileEncoding = 4; lastKnownFileType = sourcecode.swift; path = CalendarViewController.swift; sourceTree = "<group>"; };
		DA158AC1211B800C00427382 /* DayScrollView.swift */ = {isa = PBXFileReference; fileEncoding = 4; lastKnownFileType = sourcecode.swift; path = DayScrollView.swift; sourceTree = "<group>"; };
		DA158AC2211B800C00427382 /* WeekView.swift */ = {isa = PBXFileReference; fileEncoding = 4; lastKnownFileType = sourcecode.swift; path = WeekView.swift; sourceTree = "<group>"; };
		DA158AC4211B800C00427382 /* SectionSeparatorView.swift */ = {isa = PBXFileReference; fileEncoding = 4; lastKnownFileType = sourcecode.swift; path = SectionSeparatorView.swift; sourceTree = "<group>"; };
		DA158ACA211B801C00427382 /* DateFormatters.swift */ = {isa = PBXFileReference; fileEncoding = 4; lastKnownFileType = sourcecode.swift; path = DateFormatters.swift; sourceTree = "<group>"; };
		DA158ACB211B801C00427382 /* Reusable.swift */ = {isa = PBXFileReference; fileEncoding = 4; lastKnownFileType = sourcecode.swift; path = Reusable.swift; sourceTree = "<group>"; };
		DA158ACE211B802300427382 /* CalendarTableViewCell.swift */ = {isa = PBXFileReference; lastKnownFileType = sourcecode.swift; path = CalendarTableViewCell.swift; sourceTree = "<group>"; };
		DA158ACF211B802300427382 /* SmallTasksBubbleView.swift */ = {isa = PBXFileReference; lastKnownFileType = sourcecode.swift; path = SmallTasksBubbleView.swift; sourceTree = "<group>"; };
		DA158AD0211B802300427382 /* YourDayTableViewCell.swift */ = {isa = PBXFileReference; lastKnownFileType = sourcecode.swift; path = YourDayTableViewCell.swift; sourceTree = "<group>"; };
		DA158AD4211B802A00427382 /* TaskTableViewCell.swift */ = {isa = PBXFileReference; lastKnownFileType = sourcecode.swift; path = TaskTableViewCell.swift; sourceTree = "<group>"; };
		DA158AD5211B802A00427382 /* AddTaskButton.swift */ = {isa = PBXFileReference; lastKnownFileType = sourcecode.swift; path = AddTaskButton.swift; sourceTree = "<group>"; };
		DA158AD9211B804700427382 /* Constants.swift */ = {isa = PBXFileReference; fileEncoding = 4; lastKnownFileType = sourcecode.swift; path = Constants.swift; sourceTree = "<group>"; };
		DA158ADA211B804700427382 /* Date+Manipulations.swift */ = {isa = PBXFileReference; fileEncoding = 4; lastKnownFileType = sourcecode.swift; path = "Date+Manipulations.swift"; sourceTree = "<group>"; };
		DA158ADB211B804700427382 /* DateTools.bundle */ = {isa = PBXFileReference; lastKnownFileType = "wrapper.plug-in"; path = DateTools.bundle; sourceTree = "<group>"; };
		DA158ADC211B804800427382 /* TimeChunk.swift */ = {isa = PBXFileReference; fileEncoding = 4; lastKnownFileType = sourcecode.swift; path = TimeChunk.swift; sourceTree = "<group>"; };
		DA158ADD211B804800427382 /* TimePeriodChain.swift */ = {isa = PBXFileReference; fileEncoding = 4; lastKnownFileType = sourcecode.swift; path = TimePeriodChain.swift; sourceTree = "<group>"; };
		DA158ADE211B804800427382 /* TimePeriod.swift */ = {isa = PBXFileReference; fileEncoding = 4; lastKnownFileType = sourcecode.swift; path = TimePeriod.swift; sourceTree = "<group>"; };
		DA158ADF211B804800427382 /* Date+Inits.swift */ = {isa = PBXFileReference; fileEncoding = 4; lastKnownFileType = sourcecode.swift; path = "Date+Inits.swift"; sourceTree = "<group>"; };
		DA158AE0211B804800427382 /* Date+Format.swift */ = {isa = PBXFileReference; fileEncoding = 4; lastKnownFileType = sourcecode.swift; path = "Date+Format.swift"; sourceTree = "<group>"; };
		DA158AE1211B804800427382 /* TimePeriodCollection.swift */ = {isa = PBXFileReference; fileEncoding = 4; lastKnownFileType = sourcecode.swift; path = TimePeriodCollection.swift; sourceTree = "<group>"; };
		DA158AE2211B804800427382 /* Date+Bundle.swift */ = {isa = PBXFileReference; fileEncoding = 4; lastKnownFileType = sourcecode.swift; path = "Date+Bundle.swift"; sourceTree = "<group>"; };
		DA158AE3211B804800427382 /* Date+TimeAgo.swift */ = {isa = PBXFileReference; fileEncoding = 4; lastKnownFileType = sourcecode.swift; path = "Date+TimeAgo.swift"; sourceTree = "<group>"; };
		DA158AE4211B804800427382 /* Enums.swift */ = {isa = PBXFileReference; fileEncoding = 4; lastKnownFileType = sourcecode.swift; path = Enums.swift; sourceTree = "<group>"; };
		DA158AE5211B804800427382 /* Integer+DateTools.swift */ = {isa = PBXFileReference; fileEncoding = 4; lastKnownFileType = sourcecode.swift; path = "Integer+DateTools.swift"; sourceTree = "<group>"; };
		DA158AE6211B804800427382 /* TimePeriodGroup.swift */ = {isa = PBXFileReference; fileEncoding = 4; lastKnownFileType = sourcecode.swift; path = TimePeriodGroup.swift; sourceTree = "<group>"; };
		DA158AE7211B804800427382 /* Date+Comparators.swift */ = {isa = PBXFileReference; fileEncoding = 4; lastKnownFileType = sourcecode.swift; path = "Date+Comparators.swift"; sourceTree = "<group>"; };
		DA158AE8211B804800427382 /* Date+Components.swift */ = {isa = PBXFileReference; fileEncoding = 4; lastKnownFileType = sourcecode.swift; path = "Date+Components.swift"; sourceTree = "<group>"; };
		DA158AF9211B80E600427382 /* PersistentStoreCreatable.swift */ = {isa = PBXFileReference; fileEncoding = 4; lastKnownFileType = sourcecode.swift; path = PersistentStoreCreatable.swift; sourceTree = "<group>"; };
		DA158AFA211B80E600427382 /* Task.swift */ = {isa = PBXFileReference; fileEncoding = 4; lastKnownFileType = sourcecode.swift; path = Task.swift; sourceTree = "<group>"; };
		DA158AFB211B80E600427382 /* PersistentStore.swift */ = {isa = PBXFileReference; fileEncoding = 4; lastKnownFileType = sourcecode.swift; path = PersistentStore.swift; sourceTree = "<group>"; };
/* End PBXFileReference section */

/* Begin PBXFrameworksBuildPhase section */
		DA158A8C211B7D8B00427382 /* Frameworks */ = {
			isa = PBXFrameworksBuildPhase;
			buildActionMask = 2147483647;
			files = (
			);
			runOnlyForDeploymentPostprocessing = 0;
		};
		DA158AA3211B7D8C00427382 /* Frameworks */ = {
			isa = PBXFrameworksBuildPhase;
			buildActionMask = 2147483647;
			files = (
			);
			runOnlyForDeploymentPostprocessing = 0;
		};
/* End PBXFrameworksBuildPhase section */

/* Begin PBXGroup section */
		DA158A86211B7D8B00427382 = {
			isa = PBXGroup;
			children = (
				DA158A91211B7D8B00427382 /* Taskbox */,
				DA158AA9211B7D8C00427382 /* TaskboxTests */,
				DA158A90211B7D8B00427382 /* Products */,
			);
			sourceTree = "<group>";
		};
		DA158A90211B7D8B00427382 /* Products */ = {
			isa = PBXGroup;
			children = (
				DA158A8F211B7D8B00427382 /* Taskbox.app */,
				DA158AA6211B7D8C00427382 /* TaskboxTests.xctest */,
			);
			name = Products;
			sourceTree = "<group>";
		};
		DA158A91211B7D8B00427382 /* Taskbox */ = {
			isa = PBXGroup;
			children = (
				DA158AD8211B803900427382 /* Extensions */,
				DA158ABF211B800400427382 /* View */,
				DA158AB8211B7FE400427382 /* ViewController */,
				DA158AB5211B7F7400427382 /* Model */,
				DA158A96211B7D8B00427382 /* Main.storyboard */,
				DA158A9C211B7D8C00427382 /* Assets.xcassets */,
				DA158A9E211B7D8C00427382 /* LaunchScreen.storyboard */,
				DA158AA1211B7D8C00427382 /* Info.plist */,
				DA158A99211B7D8B00427382 /* Taskbox.xcdatamodeld */,
			);
			path = Taskbox;
			sourceTree = "<group>";
		};
		DA158AA9211B7D8C00427382 /* TaskboxTests */ = {
			isa = PBXGroup;
			children = (
				DA158AAA211B7D8C00427382 /* TaskboxTests.swift */,
				DA158AAC211B7D8C00427382 /* Info.plist */,
			);
			path = TaskboxTests;
			sourceTree = "<group>";
		};
		DA158AB5211B7F7400427382 /* Model */ = {
			isa = PBXGroup;
			children = (
				DA158AFB211B80E600427382 /* PersistentStore.swift */,
				DA158AF9211B80E600427382 /* PersistentStoreCreatable.swift */,
				DA158AFA211B80E600427382 /* Task.swift */,
			);
			path = Model;
			sourceTree = "<group>";
		};
		DA158AB8211B7FE400427382 /* ViewController */ = {
			isa = PBXGroup;
			children = (
				DA7CF1D3211CDC2500256FED /* Settings */,
				DA7CF1D2211CDC1C00256FED /* Calendar */,
				DA7CF1D1211CDC1400256FED /* Tasks */,
				DA158A92211B7D8B00427382 /* AppDelegate.swift */,
				DA158AB6211B7FE000427382 /* TabBarController.swift */,
			);
			path = ViewController;
			sourceTree = "<group>";
		};
		DA158ABF211B800400427382 /* View */ = {
			isa = PBXGroup;
			children = (
				DA158AC1211B800C00427382 /* DayScrollView.swift */,
				DA158ACE211B802300427382 /* CalendarTableViewCell.swift */,
				DA158ACF211B802300427382 /* SmallTasksBubbleView.swift */,
				DA158AD5211B802A00427382 /* AddTaskButton.swift */,
				DA158AD4211B802A00427382 /* TaskTableViewCell.swift */,
				DA158AD0211B802300427382 /* YourDayTableViewCell.swift */,
				DA158AC4211B800C00427382 /* SectionSeparatorView.swift */,
				DA158AC2211B800C00427382 /* WeekView.swift */,
			);
			path = View;
			sourceTree = "<group>";
		};
		DA158AD8211B803900427382 /* Extensions */ = {
			isa = PBXGroup;
			children = (
				DA158AD9211B804700427382 /* Constants.swift */,
				DA158AE2211B804800427382 /* Date+Bundle.swift */,
				DA158AE7211B804800427382 /* Date+Comparators.swift */,
				DA158AE8211B804800427382 /* Date+Components.swift */,
				DA158AE0211B804800427382 /* Date+Format.swift */,
				DA158ADF211B804800427382 /* Date+Inits.swift */,
				DA158ADA211B804700427382 /* Date+Manipulations.swift */,
				DA158AE3211B804800427382 /* Date+TimeAgo.swift */,
				DA158ADB211B804700427382 /* DateTools.bundle */,
				DA158AE4211B804800427382 /* Enums.swift */,
				DA158AE5211B804800427382 /* Integer+DateTools.swift */,
				DA158ADC211B804800427382 /* TimeChunk.swift */,
				DA158ADE211B804800427382 /* TimePeriod.swift */,
				DA158ADD211B804800427382 /* TimePeriodChain.swift */,
				DA158AE1211B804800427382 /* TimePeriodCollection.swift */,
				DA158AE6211B804800427382 /* TimePeriodGroup.swift */,
				DA158ACA211B801C00427382 /* DateFormatters.swift */,
				DA158ACB211B801C00427382 /* Reusable.swift */,
			);
			path = Extensions;
			sourceTree = "<group>";
		};
		DA7CF1D1211CDC1400256FED /* Tasks */ = {
			isa = PBXGroup;
			children = (
				DA158ABB211B7FF900427382 /* SetTasksViewController.swift */,
			);
			path = Tasks;
			sourceTree = "<group>";
		};
		DA7CF1D2211CDC1C00256FED /* Calendar */ = {
			isa = PBXGroup;
			children = (
				DA158ABD211B7FFE00427382 /* CalendarViewController.swift */,
			);
			path = Calendar;
			sourceTree = "<group>";
		};
		DA7CF1D3211CDC2500256FED /* Settings */ = {
			isa = PBXGroup;
			children = (
				DA158AB9211B7FF400427382 /* SettingsViewController.swift */,
			);
			path = Settings;
			sourceTree = "<group>";
		};
/* End PBXGroup section */

/* Begin PBXNativeTarget section */
		DA158A8E211B7D8B00427382 /* Taskbox */ = {
			isa = PBXNativeTarget;
			buildConfigurationList = DA158AAF211B7D8C00427382 /* Build configuration list for PBXNativeTarget "Taskbox" */;
			buildPhases = (
				DA158A8B211B7D8B00427382 /* Sources */,
				DA158A8C211B7D8B00427382 /* Frameworks */,
				DA158A8D211B7D8B00427382 /* Resources */,
			);
			buildRules = (
			);
			dependencies = (
			);
			name = Taskbox;
			productName = Taskbox;
			productReference = DA158A8F211B7D8B00427382 /* Taskbox.app */;
			productType = "com.apple.product-type.application";
		};
		DA158AA5211B7D8C00427382 /* TaskboxTests */ = {
			isa = PBXNativeTarget;
			buildConfigurationList = DA158AB2211B7D8C00427382 /* Build configuration list for PBXNativeTarget "TaskboxTests" */;
			buildPhases = (
				DA158AA2211B7D8C00427382 /* Sources */,
				DA158AA3211B7D8C00427382 /* Frameworks */,
				DA158AA4211B7D8C00427382 /* Resources */,
			);
			buildRules = (
			);
			dependencies = (
				DA158AA8211B7D8C00427382 /* PBXTargetDependency */,
			);
			name = TaskboxTests;
			productName = TaskboxTests;
			productReference = DA158AA6211B7D8C00427382 /* TaskboxTests.xctest */;
			productType = "com.apple.product-type.bundle.unit-test";
		};
/* End PBXNativeTarget section */

/* Begin PBXProject section */
		DA158A87211B7D8B00427382 /* Project object */ = {
			isa = PBXProject;
			attributes = {
				LastSwiftUpdateCheck = 0940;
				LastUpgradeCheck = 0940;
				ORGANIZATIONNAME = "Hamon Riazy";
				TargetAttributes = {
					DA158A8E211B7D8B00427382 = {
						CreatedOnToolsVersion = 9.4.1;
						LastSwiftMigration = 1000;
					};
					DA158AA5211B7D8C00427382 = {
						CreatedOnToolsVersion = 9.4.1;
						LastSwiftMigration = 1000;
						TestTargetID = DA158A8E211B7D8B00427382;
					};
				};
			};
			buildConfigurationList = DA158A8A211B7D8B00427382 /* Build configuration list for PBXProject "Taskbox" */;
			compatibilityVersion = "Xcode 9.3";
			developmentRegion = en;
			hasScannedForEncodings = 0;
			knownRegions = (
				en,
				Base,
			);
			mainGroup = DA158A86211B7D8B00427382;
			productRefGroup = DA158A90211B7D8B00427382 /* Products */;
			projectDirPath = "";
			projectRoot = "";
			targets = (
				DA158A8E211B7D8B00427382 /* Taskbox */,
				DA158AA5211B7D8C00427382 /* TaskboxTests */,
			);
		};
/* End PBXProject section */

/* Begin PBXResourcesBuildPhase section */
		DA158A8D211B7D8B00427382 /* Resources */ = {
			isa = PBXResourcesBuildPhase;
			buildActionMask = 2147483647;
			files = (
				DA158AA0211B7D8C00427382 /* LaunchScreen.storyboard in Resources */,
				DA158A9D211B7D8C00427382 /* Assets.xcassets in Resources */,
				DA158A98211B7D8B00427382 /* Main.storyboard in Resources */,
				DA158AEB211B804900427382 /* DateTools.bundle in Resources */,
			);
			runOnlyForDeploymentPostprocessing = 0;
		};
		DA158AA4211B7D8C00427382 /* Resources */ = {
			isa = PBXResourcesBuildPhase;
			buildActionMask = 2147483647;
			files = (
			);
			runOnlyForDeploymentPostprocessing = 0;
		};
/* End PBXResourcesBuildPhase section */

/* Begin PBXSourcesBuildPhase section */
		DA158A8B211B7D8B00427382 /* Sources */ = {
			isa = PBXSourcesBuildPhase;
			buildActionMask = 2147483647;
			files = (
				DA158ACD211B801D00427382 /* Reusable.swift in Sources */,
				DA158AF6211B804900427382 /* TimePeriodGroup.swift in Sources */,
				DA158AEE211B804900427382 /* TimePeriod.swift in Sources */,
				DA158AC9211B800C00427382 /* SectionSeparatorView.swift in Sources */,
				DA158AD3211B802300427382 /* YourDayTableViewCell.swift in Sources */,
				DA158AF7211B804900427382 /* Date+Comparators.swift in Sources */,
				DA158AB7211B7FE000427382 /* TabBarController.swift in Sources */,
				DA158AF0211B804900427382 /* Date+Format.swift in Sources */,
				DA158A93211B7D8B00427382 /* AppDelegate.swift in Sources */,
				DA158AD1211B802300427382 /* CalendarTableViewCell.swift in Sources */,
				DA158ACC211B801D00427382 /* DateFormatters.swift in Sources */,
				DA158AD6211B802B00427382 /* TaskTableViewCell.swift in Sources */,
				DA158ABA211B7FF400427382 /* SettingsViewController.swift in Sources */,
				DA158AEC211B804900427382 /* TimeChunk.swift in Sources */,
				DA158ABC211B7FF900427382 /* SetTasksViewController.swift in Sources */,
				DA158ABE211B7FFE00427382 /* CalendarViewController.swift in Sources */,
				DA158AC7211B800C00427382 /* WeekView.swift in Sources */,
				DA158AC6211B800C00427382 /* DayScrollView.swift in Sources */,
				DA158AD7211B802B00427382 /* AddTaskButton.swift in Sources */,
				DA158AF4211B804900427382 /* Enums.swift in Sources */,
				DA158A9B211B7D8B00427382 /* Taskbox.xcdatamodeld in Sources */,
				DA158AD2211B802300427382 /* SmallTasksBubbleView.swift in Sources */,
				DA158AED211B804900427382 /* TimePeriodChain.swift in Sources */,
				DA158AFC211B80E600427382 /* PersistentStoreCreatable.swift in Sources */,
				DA158AF1211B804900427382 /* TimePeriodCollection.swift in Sources */,
				DA158AFE211B80E600427382 /* PersistentStore.swift in Sources */,
				DA158AE9211B804900427382 /* Constants.swift in Sources */,
				DA158AF5211B804900427382 /* Integer+DateTools.swift in Sources */,
				DA158AEA211B804900427382 /* Date+Manipulations.swift in Sources */,
				DA158AEF211B804900427382 /* Date+Inits.swift in Sources */,
				DA158AF3211B804900427382 /* Date+TimeAgo.swift in Sources */,
				DA158AF2211B804900427382 /* Date+Bundle.swift in Sources */,
				DA158AFD211B80E600427382 /* Task.swift in Sources */,
				DA158AF8211B804900427382 /* Date+Components.swift in Sources */,
			);
			runOnlyForDeploymentPostprocessing = 0;
		};
		DA158AA2211B7D8C00427382 /* Sources */ = {
			isa = PBXSourcesBuildPhase;
			buildActionMask = 2147483647;
			files = (
				DA158AAB211B7D8C00427382 /* TaskboxTests.swift in Sources */,
			);
			runOnlyForDeploymentPostprocessing = 0;
		};
/* End PBXSourcesBuildPhase section */

/* Begin PBXTargetDependency section */
		DA158AA8211B7D8C00427382 /* PBXTargetDependency */ = {
			isa = PBXTargetDependency;
			target = DA158A8E211B7D8B00427382 /* Taskbox */;
			targetProxy = DA158AA7211B7D8C00427382 /* PBXContainerItemProxy */;
		};
/* End PBXTargetDependency section */

/* Begin PBXVariantGroup section */
		DA158A96211B7D8B00427382 /* Main.storyboard */ = {
			isa = PBXVariantGroup;
			children = (
				DA158A97211B7D8B00427382 /* Base */,
			);
			name = Main.storyboard;
			sourceTree = "<group>";
		};
		DA158A9E211B7D8C00427382 /* LaunchScreen.storyboard */ = {
			isa = PBXVariantGroup;
			children = (
				DA158A9F211B7D8C00427382 /* Base */,
			);
			name = LaunchScreen.storyboard;
			sourceTree = "<group>";
		};
/* End PBXVariantGroup section */

/* Begin XCBuildConfiguration section */
		DA158AAD211B7D8C00427382 /* Debug */ = {
			isa = XCBuildConfiguration;
			buildSettings = {
				ALWAYS_SEARCH_USER_PATHS = NO;
				CLANG_ANALYZER_NONNULL = YES;
				CLANG_ANALYZER_NUMBER_OBJECT_CONVERSION = YES_AGGRESSIVE;
				CLANG_CXX_LANGUAGE_STANDARD = "gnu++14";
				CLANG_CXX_LIBRARY = "libc++";
				CLANG_ENABLE_MODULES = YES;
				CLANG_ENABLE_OBJC_ARC = YES;
				CLANG_ENABLE_OBJC_WEAK = YES;
				CLANG_WARN_BLOCK_CAPTURE_AUTORELEASING = YES;
				CLANG_WARN_BOOL_CONVERSION = YES;
				CLANG_WARN_COMMA = YES;
				CLANG_WARN_CONSTANT_CONVERSION = YES;
				CLANG_WARN_DEPRECATED_OBJC_IMPLEMENTATIONS = YES;
				CLANG_WARN_DIRECT_OBJC_ISA_USAGE = YES_ERROR;
				CLANG_WARN_DOCUMENTATION_COMMENTS = YES;
				CLANG_WARN_EMPTY_BODY = YES;
				CLANG_WARN_ENUM_CONVERSION = YES;
				CLANG_WARN_INFINITE_RECURSION = YES;
				CLANG_WARN_INT_CONVERSION = YES;
				CLANG_WARN_NON_LITERAL_NULL_CONVERSION = YES;
				CLANG_WARN_OBJC_IMPLICIT_RETAIN_SELF = YES;
				CLANG_WARN_OBJC_LITERAL_CONVERSION = YES;
				CLANG_WARN_OBJC_ROOT_CLASS = YES_ERROR;
				CLANG_WARN_RANGE_LOOP_ANALYSIS = YES;
				CLANG_WARN_STRICT_PROTOTYPES = YES;
				CLANG_WARN_SUSPICIOUS_MOVE = YES;
				CLANG_WARN_UNGUARDED_AVAILABILITY = YES_AGGRESSIVE;
				CLANG_WARN_UNREACHABLE_CODE = YES;
				CLANG_WARN__DUPLICATE_METHOD_MATCH = YES;
				CODE_SIGN_IDENTITY = "iPhone Developer";
				COPY_PHASE_STRIP = NO;
				DEBUG_INFORMATION_FORMAT = dwarf;
				ENABLE_STRICT_OBJC_MSGSEND = YES;
				ENABLE_TESTABILITY = YES;
				GCC_C_LANGUAGE_STANDARD = gnu11;
				GCC_DYNAMIC_NO_PIC = NO;
				GCC_NO_COMMON_BLOCKS = YES;
				GCC_OPTIMIZATION_LEVEL = 0;
				GCC_PREPROCESSOR_DEFINITIONS = (
					"DEBUG=1",
					"$(inherited)",
				);
				GCC_WARN_64_TO_32_BIT_CONVERSION = YES;
				GCC_WARN_ABOUT_RETURN_TYPE = YES_ERROR;
				GCC_WARN_UNDECLARED_SELECTOR = YES;
				GCC_WARN_UNINITIALIZED_AUTOS = YES_AGGRESSIVE;
				GCC_WARN_UNUSED_FUNCTION = YES;
				GCC_WARN_UNUSED_VARIABLE = YES;
				IPHONEOS_DEPLOYMENT_TARGET = 11.4;
				MTL_ENABLE_DEBUG_INFO = YES;
				ONLY_ACTIVE_ARCH = YES;
				SDKROOT = iphoneos;
				SWIFT_ACTIVE_COMPILATION_CONDITIONS = DEBUG;
				SWIFT_OPTIMIZATION_LEVEL = "-Onone";
			};
			name = Debug;
		};
		DA158AAE211B7D8C00427382 /* Release */ = {
			isa = XCBuildConfiguration;
			buildSettings = {
				ALWAYS_SEARCH_USER_PATHS = NO;
				CLANG_ANALYZER_NONNULL = YES;
				CLANG_ANALYZER_NUMBER_OBJECT_CONVERSION = YES_AGGRESSIVE;
				CLANG_CXX_LANGUAGE_STANDARD = "gnu++14";
				CLANG_CXX_LIBRARY = "libc++";
				CLANG_ENABLE_MODULES = YES;
				CLANG_ENABLE_OBJC_ARC = YES;
				CLANG_ENABLE_OBJC_WEAK = YES;
				CLANG_WARN_BLOCK_CAPTURE_AUTORELEASING = YES;
				CLANG_WARN_BOOL_CONVERSION = YES;
				CLANG_WARN_COMMA = YES;
				CLANG_WARN_CONSTANT_CONVERSION = YES;
				CLANG_WARN_DEPRECATED_OBJC_IMPLEMENTATIONS = YES;
				CLANG_WARN_DIRECT_OBJC_ISA_USAGE = YES_ERROR;
				CLANG_WARN_DOCUMENTATION_COMMENTS = YES;
				CLANG_WARN_EMPTY_BODY = YES;
				CLANG_WARN_ENUM_CONVERSION = YES;
				CLANG_WARN_INFINITE_RECURSION = YES;
				CLANG_WARN_INT_CONVERSION = YES;
				CLANG_WARN_NON_LITERAL_NULL_CONVERSION = YES;
				CLANG_WARN_OBJC_IMPLICIT_RETAIN_SELF = YES;
				CLANG_WARN_OBJC_LITERAL_CONVERSION = YES;
				CLANG_WARN_OBJC_ROOT_CLASS = YES_ERROR;
				CLANG_WARN_RANGE_LOOP_ANALYSIS = YES;
				CLANG_WARN_STRICT_PROTOTYPES = YES;
				CLANG_WARN_SUSPICIOUS_MOVE = YES;
				CLANG_WARN_UNGUARDED_AVAILABILITY = YES_AGGRESSIVE;
				CLANG_WARN_UNREACHABLE_CODE = YES;
				CLANG_WARN__DUPLICATE_METHOD_MATCH = YES;
				CODE_SIGN_IDENTITY = "iPhone Developer";
				COPY_PHASE_STRIP = NO;
				DEBUG_INFORMATION_FORMAT = "dwarf-with-dsym";
				ENABLE_NS_ASSERTIONS = NO;
				ENABLE_STRICT_OBJC_MSGSEND = YES;
				GCC_C_LANGUAGE_STANDARD = gnu11;
				GCC_NO_COMMON_BLOCKS = YES;
				GCC_WARN_64_TO_32_BIT_CONVERSION = YES;
				GCC_WARN_ABOUT_RETURN_TYPE = YES_ERROR;
				GCC_WARN_UNDECLARED_SELECTOR = YES;
				GCC_WARN_UNINITIALIZED_AUTOS = YES_AGGRESSIVE;
				GCC_WARN_UNUSED_FUNCTION = YES;
				GCC_WARN_UNUSED_VARIABLE = YES;
				IPHONEOS_DEPLOYMENT_TARGET = 11.4;
				MTL_ENABLE_DEBUG_INFO = NO;
				SDKROOT = iphoneos;
				SWIFT_COMPILATION_MODE = wholemodule;
				SWIFT_OPTIMIZATION_LEVEL = "-O";
				VALIDATE_PRODUCT = YES;
			};
			name = Release;
		};
		DA158AB0211B7D8C00427382 /* Debug */ = {
			isa = XCBuildConfiguration;
			buildSettings = {
				ASSETCATALOG_COMPILER_APPICON_NAME = AppIcon;
				CODE_SIGN_STYLE = Automatic;
				DEVELOPMENT_TEAM = 426N58MG75;
				INFOPLIST_FILE = Taskbox/Info.plist;
				LD_RUNPATH_SEARCH_PATHS = (
					"$(inherited)",
					"@executable_path/Frameworks",
				);
				PRODUCT_BUNDLE_IDENTIFIER = com.riazy.Taskbox;
				PRODUCT_NAME = "$(TARGET_NAME)";
				SWIFT_VERSION = 4.2;
				TARGETED_DEVICE_FAMILY = "1,2";
			};
			name = Debug;
		};
		DA158AB1211B7D8C00427382 /* Release */ = {
			isa = XCBuildConfiguration;
			buildSettings = {
				ASSETCATALOG_COMPILER_APPICON_NAME = AppIcon;
				CODE_SIGN_STYLE = Automatic;
				DEVELOPMENT_TEAM = 426N58MG75;
				INFOPLIST_FILE = Taskbox/Info.plist;
				LD_RUNPATH_SEARCH_PATHS = (
					"$(inherited)",
					"@executable_path/Frameworks",
				);
				PRODUCT_BUNDLE_IDENTIFIER = com.riazy.Taskbox;
				PRODUCT_NAME = "$(TARGET_NAME)";
				SWIFT_VERSION = 4.2;
				TARGETED_DEVICE_FAMILY = "1,2";
			};
			name = Release;
		};
		DA158AB3211B7D8C00427382 /* Debug */ = {
			isa = XCBuildConfiguration;
			buildSettings = {
				ALWAYS_EMBED_SWIFT_STANDARD_LIBRARIES = YES;
				BUNDLE_LOADER = "$(TEST_HOST)";
				CODE_SIGN_STYLE = Automatic;
				DEVELOPMENT_TEAM = 426N58MG75;
				INFOPLIST_FILE = TaskboxTests/Info.plist;
				LD_RUNPATH_SEARCH_PATHS = (
					"$(inherited)",
					"@executable_path/Frameworks",
					"@loader_path/Frameworks",
				);
				PRODUCT_BUNDLE_IDENTIFIER = com.riazy.TaskboxTests;
				PRODUCT_NAME = "$(TARGET_NAME)";
				SWIFT_VERSION = 4.2;
				TARGETED_DEVICE_FAMILY = "1,2";
				TEST_HOST = "$(BUILT_PRODUCTS_DIR)/Taskbox.app/Taskbox";
			};
			name = Debug;
		};
		DA158AB4211B7D8C00427382 /* Release */ = {
			isa = XCBuildConfiguration;
			buildSettings = {
				ALWAYS_EMBED_SWIFT_STANDARD_LIBRARIES = YES;
				BUNDLE_LOADER = "$(TEST_HOST)";
				CODE_SIGN_STYLE = Automatic;
				DEVELOPMENT_TEAM = 426N58MG75;
				INFOPLIST_FILE = TaskboxTests/Info.plist;
				LD_RUNPATH_SEARCH_PATHS = (
					"$(inherited)",
					"@executable_path/Frameworks",
					"@loader_path/Frameworks",
				);
				PRODUCT_BUNDLE_IDENTIFIER = com.riazy.TaskboxTests;
				PRODUCT_NAME = "$(TARGET_NAME)";
				SWIFT_VERSION = 4.2;
				TARGETED_DEVICE_FAMILY = "1,2";
				TEST_HOST = "$(BUILT_PRODUCTS_DIR)/Taskbox.app/Taskbox";
			};
			name = Release;
		};
/* End XCBuildConfiguration section */

/* Begin XCConfigurationList section */
		DA158A8A211B7D8B00427382 /* Build configuration list for PBXProject "Taskbox" */ = {
			isa = XCConfigurationList;
			buildConfigurations = (
				DA158AAD211B7D8C00427382 /* Debug */,
				DA158AAE211B7D8C00427382 /* Release */,
			);
			defaultConfigurationIsVisible = 0;
			defaultConfigurationName = Release;
		};
		DA158AAF211B7D8C00427382 /* Build configuration list for PBXNativeTarget "Taskbox" */ = {
			isa = XCConfigurationList;
			buildConfigurations = (
				DA158AB0211B7D8C00427382 /* Debug */,
				DA158AB1211B7D8C00427382 /* Release */,
			);
			defaultConfigurationIsVisible = 0;
			defaultConfigurationName = Release;
		};
		DA158AB2211B7D8C00427382 /* Build configuration list for PBXNativeTarget "TaskboxTests" */ = {
			isa = XCConfigurationList;
			buildConfigurations = (
				DA158AB3211B7D8C00427382 /* Debug */,
				DA158AB4211B7D8C00427382 /* Release */,
			);
			defaultConfigurationIsVisible = 0;
			defaultConfigurationName = Release;
		};
/* End XCConfigurationList section */

/* Begin XCVersionGroup section */
		DA158A99211B7D8B00427382 /* Taskbox.xcdatamodeld */ = {
			isa = XCVersionGroup;
			children = (
				DA158A9A211B7D8B00427382 /* Taskbox.xcdatamodel */,
			);
			currentVersion = DA158A9A211B7D8B00427382 /* Taskbox.xcdatamodel */;
			path = Taskbox.xcdatamodeld;
			sourceTree = "<group>";
			versionGroupType = wrapper.xcdatamodel;
		};
/* End XCVersionGroup section */
	};
	rootObject = DA158A87211B7D8B00427382 /* Project object */;
}
